
Microsoft Visual Studio Solution File, Format Version 12.00
# Visual Studio 2013
VisualStudioVersion = 12.0.31101.0
MinimumVisualStudioVersion = 10.0.40219.1
Project("{FAE04EC0-301F-11D3-BF4B-00C04F79EFBC}") = "voyagesAPI", "voyagesAPI\voyagesAPI.csproj", "{041A6847-2E5B-4F31-B362-2E7521D4163D}"
EndProject
Global
	GlobalSection(SolutionConfigurationPlatforms) = preSolution
		Debug|Any CPU = Debug|Any CPU
		Release|Any CPU = Release|Any CPU
	EndGlobalSection
	GlobalSection(ProjectConfigurationPlatforms) = postSolution
		{041A6847-2E5B-4F31-B362-2E7521D4163D}.Debug|Any CPU.ActiveCfg = Debug|Any CPU
		{041A6847-2E5B-4F31-B362-2E7521D4163D}.Debug|Any CPU.Build.0 = Debug|Any CPU
		{041A6847-2E5B-4F31-B362-2E7521D4163D}.Release|Any CPU.ActiveCfg = Release|Any CPU
		{041A6847-2E5B-4F31-B362-2E7521D4163D}.Release|Any CPU.Build.0 = Release|Any CPU
	EndGlobalSection
	GlobalSection(SolutionProperties) = preSolution
		HideSolutionNode = FALSE
	EndGlobalSection
EndGlobal
